
Microsoft Visual Studio Solution File, Format Version 12.00
# Visual Studio Version 16
VisualStudioVersion = 16.0.30225.117
MinimumVisualStudioVersion = 10.0.40219.1
Project("{FAE04EC0-301F-11D3-BF4B-00C04F79EFBC}") = "OrderProcessor", "OrderProcessor\OrderProcessor.csproj", "{A0D3B97B-854A-4790-9BBD-23F2CE6212AB}"
EndProject
Project("{FAE04EC0-301F-11D3-BF4B-00C04F79EFBC}") = "OrderProcessorTest", "OrderProcessorTest\OrderProcessorTest.csproj", "{60C780F2-D2FE-4153-AFA6-E0F5D9699BC1}"
EndProject
Project("{FAE04EC0-301F-11D3-BF4B-00C04F79EFBC}") = "Interfaces", "Interfaces\Interfaces.csproj", "{80A5167A-CD0E-4590-AFFD-E0544ACFC198}"
EndProject
Project("{FAE04EC0-301F-11D3-BF4B-00C04F79EFBC}") = "ProductUnion", "ProductUnion\ProductUnion.csproj", "{AD27001F-E90A-4211-81CA-14290C93EC9D}"
EndProject
Project("{FAE04EC0-301F-11D3-BF4B-00C04F79EFBC}") = "Providers", "Providers\Providers.csproj", "{9E29E6BB-3EA0-4B8A-9CED-F4D61A649E1A}"
EndProject
Global
	GlobalSection(SolutionConfigurationPlatforms) = preSolution
		Debug|Any CPU = Debug|Any CPU
		Release|Any CPU = Release|Any CPU
	EndGlobalSection
	GlobalSection(ProjectConfigurationPlatforms) = postSolution
		{A0D3B97B-854A-4790-9BBD-23F2CE6212AB}.Debug|Any CPU.ActiveCfg = Debug|Any CPU
		{A0D3B97B-854A-4790-9BBD-23F2CE6212AB}.Debug|Any CPU.Build.0 = Debug|Any CPU
		{A0D3B97B-854A-4790-9BBD-23F2CE6212AB}.Release|Any CPU.ActiveCfg = Release|Any CPU
		{A0D3B97B-854A-4790-9BBD-23F2CE6212AB}.Release|Any CPU.Build.0 = Release|Any CPU
		{60C780F2-D2FE-4153-AFA6-E0F5D9699BC1}.Debug|Any CPU.ActiveCfg = Debug|Any CPU
		{60C780F2-D2FE-4153-AFA6-E0F5D9699BC1}.Debug|Any CPU.Build.0 = Debug|Any CPU
		{60C780F2-D2FE-4153-AFA6-E0F5D9699BC1}.Release|Any CPU.ActiveCfg = Release|Any CPU
		{60C780F2-D2FE-4153-AFA6-E0F5D9699BC1}.Release|Any CPU.Build.0 = Release|Any CPU
		{80A5167A-CD0E-4590-AFFD-E0544ACFC198}.Debug|Any CPU.ActiveCfg = Debug|Any CPU
		{80A5167A-CD0E-4590-AFFD-E0544ACFC198}.Debug|Any CPU.Build.0 = Debug|Any CPU
		{80A5167A-CD0E-4590-AFFD-E0544ACFC198}.Release|Any CPU.ActiveCfg = Release|Any CPU
		{80A5167A-CD0E-4590-AFFD-E0544ACFC198}.Release|Any CPU.Build.0 = Release|Any CPU
		{AD27001F-E90A-4211-81CA-14290C93EC9D}.Debug|Any CPU.ActiveCfg = Debug|Any CPU
		{AD27001F-E90A-4211-81CA-14290C93EC9D}.Debug|Any CPU.Build.0 = Debug|Any CPU
		{AD27001F-E90A-4211-81CA-14290C93EC9D}.Release|Any CPU.ActiveCfg = Release|Any CPU
		{AD27001F-E90A-4211-81CA-14290C93EC9D}.Release|Any CPU.Build.0 = Release|Any CPU
		{9E29E6BB-3EA0-4B8A-9CED-F4D61A649E1A}.Debug|Any CPU.ActiveCfg = Debug|Any CPU
		{9E29E6BB-3EA0-4B8A-9CED-F4D61A649E1A}.Debug|Any CPU.Build.0 = Debug|Any CPU
		{9E29E6BB-3EA0-4B8A-9CED-F4D61A649E1A}.Release|Any CPU.ActiveCfg = Release|Any CPU
		{9E29E6BB-3EA0-4B8A-9CED-F4D61A649E1A}.Release|Any CPU.Build.0 = Release|Any CPU
	EndGlobalSection
	GlobalSection(SolutionProperties) = preSolution
		HideSolutionNode = FALSE
	EndGlobalSection
	GlobalSection(ExtensibilityGlobals) = postSolution
		SolutionGuid = {57A09248-7421-4B15-B69B-C3D8F575EF31}
	EndGlobalSection
EndGlobal
